{
  "name": "dummy",
  "version": "1.0.0",
  "lockfileVersion": 1,
  "requires": true,
  "dependencies": {
    "commander": {
      "version": "2.20.0",
      "resolved": "http://registry.npm.taobao.org/commander/download/commander-2.20.0.tgz?cache=0&other_urls=http%3A%2F%2Fregistry.npm.taobao.org%2Fcommander%2Fdownload%2Fcommander-2.20.0.tgz",
      "integrity": "sha1-1YuytcHuj4ew00ACfp6U4iLFpCI="
    },
    "rand-names": {
      "version": "2.0.3",
      "resolved": "https://registry.npm.taobao.org/rand-names/download/rand-names-2.0.3.tgz",
      "integrity": "sha1-1HjcnEyLU3j7/OXtA6CblfTcyp8=",
      "requires": {
        "unique-random-array": "1.0.0"
      }
    },
    "unique-random": {
      "version": "1.0.0",
      "resolved": "https://registry.npm.taobao.org/unique-random/download/unique-random-1.0.0.tgz",
      "integrity": "sha1-zj4iTIJCzTOg53sNcYDXfmti0MQ="
    },
    "unique-random-array": {
      "version": "1.0.0",
      "resolved": "https://registry.npm.taobao.org/unique-random-array/download/unique-random-array-1.0.0.tgz",
      "integrity": "sha1-QrNyHFeTiNi2Z8k8Lb3j1dgakTY=",
      "requires": {
        "unique-random": "^1.0.0"
      }
    }
  }
}
